{
  "name": "gephi-converter",
  "version": "1.0.0",
  "lockfileVersion": 2,
  "requires": true,
  "packages": {
    "": {
      "name": "gephi-converter",
      "version": "1.0.0",
      "license": "ISC",
      "dependencies": {
        "commander": "^9.2.0",
        "csv": "^6.2.1",
        "graphology": "^0.24.1",
        "graphology-gexf": "^0.10.1",
        "JSONStream": "^1.3.5",
        "tldjs": "^2.3.1",
        "validator": "^13.7.0"
      }
    },
    "node_modules/@xmldom/xmldom": {
      "version": "0.7.6",
      "resolved": "https://registry.npmjs.org/@xmldom/xmldom/-/xmldom-0.7.6.tgz",
      "integrity": "sha512-HHXP9hskkFQHy8QxxUXkS7946FFIhYVfGqsk0WLwllmexN9x/+R4UBLvurHEuyXRfVEObVR8APuQehykLviwSQ==",
      "engines": {
        "node": ">=10.0.0"
      }
    },
    "node_modules/commander": {
      "version": "9.2.0",
      "resolved": "https://registry.npmjs.org/commander/-/commander-9.2.0.tgz",
      "integrity": "sha512-e2i4wANQiSXgnrBlIatyHtP1odfUp0BbV5Y5nEGbxtIrStkEOAAzCUirvLBNXHLr7kwLvJl6V+4V3XV9x7Wd9w==",
      "engines": {
        "node": "^12.20.0 || >=14"
      }
    },
    "node_modules/csv": {
      "version": "6.2.1",
      "resolved": "https://registry.npmjs.org/csv/-/csv-6.2.1.tgz",
      "integrity": "sha512-qTEPklcIZkJGaB/j6/2qNXZbKgWSXPVMyRnZvRcb1F7MGyvLqJexlZlbJ3NQkgmUoAeScZhsRHjlZEgImBfCYQ==",
      "dependencies": {
        "csv-generate": "^4.2.0",
        "csv-parse": "^5.3.1",
        "csv-stringify": "^6.2.0",
        "stream-transform": "^3.2.0"
      },
      "engines": {
        "node": ">= 0.1.90"
      }
    },
    "node_modules/csv-generate": {
      "version": "4.2.0",
      "resolved": "https://registry.npmjs.org/csv-generate/-/csv-generate-4.2.0.tgz",
      "integrity": "sha512-zlIESlGQaYqIhNYwBN2pj5KXNMYbAXZYMOgNoVSoYV8MQyGZwcNWX+kx5LHxocp+zQDqzSgeKh+e+AZs+nCq4Q=="
    },
    "node_modules/csv-parse": {
      "version": "5.3.1",
      "resolved": "https://registry.npmjs.org/csv-parse/-/csv-parse-5.3.1.tgz",
      "integrity": "sha512-R4Hv6eGJNzgcKdThZ6XORbSQ873HVcNke74QIq+LbwpT90LaZ8Xzl7KKiuIP16xq/P7ofzRt0h7S0xm+fVScsw=="
    },
    "node_modules/csv-stringify": {
      "version": "6.2.0",
      "resolved": "https://registry.npmjs.org/csv-stringify/-/csv-stringify-6.2.0.tgz",
      "integrity": "sha512-dcUbQLRTTDcgQxgEU8V9IctkaCwHZjZfzUZ5ZB3RY8Y+pXtdtl5iVQHfGzANytFFkRKanYzBXrkfpNdGR7eviA=="
    },
    "node_modules/events": {
      "version": "3.3.0",
      "resolved": "https://registry.npmjs.org/events/-/events-3.3.0.tgz",
      "integrity": "sha512-mQw+2fkQbALzQ7V0MY0IqdnXNOeTtP4r0lN9z7AAawCXgqea7bDii20AYrIBrFd/Hx0M2Ocz6S111CaFkUcb0Q==",
      "engines": {
        "node": ">=0.8.x"
      }
    },
    "node_modules/graphology": {
      "version": "0.24.1",
      "resolved": "https://registry.npmjs.org/graphology/-/graphology-0.24.1.tgz",
      "integrity": "sha512-6lNz1PNTAe9Q6ioHKrXu0Lp047sgvOoHa4qmP/8mnJWCGv2iIZPQkuHPUb2/OWDWCqHpw2hKgJLJ55X/66xmHg==",
      "dependencies": {
        "events": "^3.3.0",
        "obliterator": "^2.0.2"
      },
      "peerDependencies": {
        "graphology-types": ">=0.24.0"
      }
    },
    "node_modules/graphology-gexf": {
      "version": "0.10.1",
      "resolved": "https://registry.npmjs.org/graphology-gexf/-/graphology-gexf-0.10.1.tgz",
      "integrity": "sha512-vNBn5eVOWRSiedwAFVBehuA0KxzOzorBMvRW2md01UZcaVVh0BRzB6uFEB6+QHmdRqtpewhCQ6RQUifQ8r7btg==",
      "dependencies": {
        "@xmldom/xmldom": "^0.7.5",
        "graphology-operators": "^1.5.0",
        "graphology-utils": "^2.4.1",
        "xml-writer": "^1.7.0"
      },
      "peerDependencies": {
        "graphology-types": ">=0.20.0"
      }
    },
    "node_modules/graphology-operators": {
      "version": "1.5.1",
      "resolved": "https://registry.npmjs.org/graphology-operators/-/graphology-operators-1.5.1.tgz",
      "integrity": "sha512-VojhTwtKlGtbopHPzOmAsAgM8MJY1HScgAs3G8FobtI+xsSlnFSKQeuWIibXEg6/wwPHGYT2oxMJbgHcwAEr3Q==",
      "dependencies": {
        "graphology-utils": "^2.0.0"
      },
      "peerDependencies": {
        "graphology-types": ">=0.20.0"
      }
    },
    "node_modules/graphology-types": {
      "version": "0.24.3",
      "resolved": "https://registry.npmjs.org/graphology-types/-/graphology-types-0.24.3.tgz",
      "integrity": "sha512-yn+NgOd/V8dWtHlxRlh0aEx3jp5IXSl8gsQPc3lYmJEZGg9C3oXlZIurHnn7FO3Xav55ehdD7OU7oznfgE2Wyg==",
      "peer": true
    },
    "node_modules/graphology-utils": {
      "version": "2.5.2",
      "resolved": "https://registry.npmjs.org/graphology-utils/-/graphology-utils-2.5.2.tgz",
      "integrity": "sha512-ckHg8MXrXJkOARk56ZaSCM1g1Wihe2d6iTmz1enGOz4W/l831MBCKSayeFQfowgF8wd+PQ4rlch/56Vs/VZLDQ==",
      "peerDependencies": {
        "graphology-types": ">=0.23.0"
      }
    },
    "node_modules/jsonparse": {
      "version": "1.3.1",
      "resolved": "https://registry.npmjs.org/jsonparse/-/jsonparse-1.3.1.tgz",
      "integrity": "sha1-P02uSpH6wxX3EGL4UhzCOfE2YoA=",
      "engines": [
        "node >= 0.2.0"
      ]
    },
    "node_modules/JSONStream": {
      "version": "1.3.5",
      "resolved": "https://registry.npmjs.org/JSONStream/-/JSONStream-1.3.5.tgz",
      "integrity": "sha512-E+iruNOY8VV9s4JEbe1aNEm6MiszPRr/UfcHMz0TQh1BXSxHK+ASV1R6W4HpjBhSeS+54PIsAMCBmwD06LLsqQ==",
      "dependencies": {
        "jsonparse": "^1.2.0",
        "through": ">=2.2.7 <3"
      },
      "bin": {
        "JSONStream": "bin.js"
      },
      "engines": {
        "node": "*"
      }
    },
    "node_modules/obliterator": {
      "version": "2.0.3",
      "resolved": "https://registry.npmjs.org/obliterator/-/obliterator-2.0.3.tgz",
      "integrity": "sha512-qN5lHhArxl/789Bp3XCpssAYy7cvOdRzxzflmGEJaiipAT2b/USr1XvKjYyssPOwQ/3KjV1e8Ed9po9rie6E6A=="
    },
    "node_modules/punycode": {
      "version": "1.4.1",
      "resolved": "https://registry.npmjs.org/punycode/-/punycode-1.4.1.tgz",
      "integrity": "sha512-jmYNElW7yvO7TV33CjSmvSiE2yco3bV2czu/OzDKdMNVZQWfxCblURLhf+47syQRBntjfLdd/H0egrzIG+oaFQ=="
    },
    "node_modules/stream-transform": {
      "version": "3.2.0",
      "resolved": "https://registry.npmjs.org/stream-transform/-/stream-transform-3.2.0.tgz",
      "integrity": "sha512-M22v88wNknyJiIyHYoiIYI5RPl/R7tkf92j1YNkmrbe5XRGHW0jW8n458j1njOrR4Edcj8bwbpSV0iLIWon1hg=="
    },
    "node_modules/through": {
      "version": "2.3.8",
      "resolved": "https://registry.npmjs.org/through/-/through-2.3.8.tgz",
      "integrity": "sha1-DdTJ/6q8NXlgsbckEV1+Doai4fU="
    },
    "node_modules/tldjs": {
      "version": "2.3.1",
      "resolved": "https://registry.npmjs.org/tldjs/-/tldjs-2.3.1.tgz",
      "integrity": "sha512-W/YVH/QczLUxVjnQhFC61Iq232NWu3TqDdO0S/MtXVz4xybejBov4ud+CIwN9aYqjOecEqIy0PscGkwpG9ZyTw==",
      "hasInstallScript": true,
      "dependencies": {
        "punycode": "^1.4.1"
      },
      "engines": {
        "node": ">= 4"
      }
    },
    "node_modules/validator": {
      "version": "13.7.0",
      "resolved": "https://registry.npmjs.org/validator/-/validator-13.7.0.tgz",
      "integrity": "sha512-nYXQLCBkpJ8X6ltALua9dRrZDHVYxjJ1wgskNt1lH9fzGjs3tgojGSCBjmEPwkWS1y29+DrizMTW19Pr9uB2nw==",
      "engines": {
        "node": ">= 0.10"
      }
    },
    "node_modules/xml-writer": {
      "version": "1.7.0",
      "resolved": "https://registry.npmjs.org/xml-writer/-/xml-writer-1.7.0.tgz",
      "integrity": "sha1-t28dWRwWomNOvbcDx729D9aBkGU=",
      "engines": {
        "node": ">=0.4.0"
      }
    }
  },
  "dependencies": {
    "@xmldom/xmldom": {
      "version": "0.7.6",
      "resolved": "https://registry.npmjs.org/@xmldom/xmldom/-/xmldom-0.7.6.tgz",
      "integrity": "sha512-HHXP9hskkFQHy8QxxUXkS7946FFIhYVfGqsk0WLwllmexN9x/+R4UBLvurHEuyXRfVEObVR8APuQehykLviwSQ=="
    },
    "commander": {
      "version": "9.2.0",
      "resolved": "https://registry.npmjs.org/commander/-/commander-9.2.0.tgz",
      "integrity": "sha512-e2i4wANQiSXgnrBlIatyHtP1odfUp0BbV5Y5nEGbxtIrStkEOAAzCUirvLBNXHLr7kwLvJl6V+4V3XV9x7Wd9w=="
    },
    "csv": {
      "version": "6.2.1",
      "resolved": "https://registry.npmjs.org/csv/-/csv-6.2.1.tgz",
      "integrity": "sha512-qTEPklcIZkJGaB/j6/2qNXZbKgWSXPVMyRnZvRcb1F7MGyvLqJexlZlbJ3NQkgmUoAeScZhsRHjlZEgImBfCYQ==",
      "requires": {
        "csv-generate": "^4.2.0",
        "csv-parse": "^5.3.1",
        "csv-stringify": "^6.2.0",
        "stream-transform": "^3.2.0"
      }
    },
    "csv-generate": {
      "version": "4.2.0",
      "resolved": "https://registry.npmjs.org/csv-generate/-/csv-generate-4.2.0.tgz",
      "integrity": "sha512-zlIESlGQaYqIhNYwBN2pj5KXNMYbAXZYMOgNoVSoYV8MQyGZwcNWX+kx5LHxocp+zQDqzSgeKh+e+AZs+nCq4Q=="
    },
    "csv-parse": {
      "version": "5.3.1",
      "resolved": "https://registry.npmjs.org/csv-parse/-/csv-parse-5.3.1.tgz",
      "integrity": "sha512-R4Hv6eGJNzgcKdThZ6XORbSQ873HVcNke74QIq+LbwpT90LaZ8Xzl7KKiuIP16xq/P7ofzRt0h7S0xm+fVScsw=="
    },
    "csv-stringify": {
      "version": "6.2.0",
      "resolved": "https://registry.npmjs.org/csv-stringify/-/csv-stringify-6.2.0.tgz",
      "integrity": "sha512-dcUbQLRTTDcgQxgEU8V9IctkaCwHZjZfzUZ5ZB3RY8Y+pXtdtl5iVQHfGzANytFFkRKanYzBXrkfpNdGR7eviA=="
    },
    "events": {
      "version": "3.3.0",
      "resolved": "https://registry.npmjs.org/events/-/events-3.3.0.tgz",
      "integrity": "sha512-mQw+2fkQbALzQ7V0MY0IqdnXNOeTtP4r0lN9z7AAawCXgqea7bDii20AYrIBrFd/Hx0M2Ocz6S111CaFkUcb0Q=="
    },
    "graphology": {
      "version": "0.24.1",
      "resolved": "https://registry.npmjs.org/graphology/-/graphology-0.24.1.tgz",
      "integrity": "sha512-6lNz1PNTAe9Q6ioHKrXu0Lp047sgvOoHa4qmP/8mnJWCGv2iIZPQkuHPUb2/OWDWCqHpw2hKgJLJ55X/66xmHg==",
      "requires": {
        "events": "^3.3.0",
        "obliterator": "^2.0.2"
      }
    },
    "graphology-gexf": {
      "version": "0.10.1",
      "resolved": "https://registry.npmjs.org/graphology-gexf/-/graphology-gexf-0.10.1.tgz",
      "integrity": "sha512-vNBn5eVOWRSiedwAFVBehuA0KxzOzorBMvRW2md01UZcaVVh0BRzB6uFEB6+QHmdRqtpewhCQ6RQUifQ8r7btg==",
      "requires": {
        "@xmldom/xmldom": "^0.7.5",
        "graphology-operators": "^1.5.0",
        "graphology-utils": "^2.4.1",
        "xml-writer": "^1.7.0"
      }
    },
    "graphology-operators": {
      "version": "1.5.1",
      "resolved": "https://registry.npmjs.org/graphology-operators/-/graphology-operators-1.5.1.tgz",
      "integrity": "sha512-VojhTwtKlGtbopHPzOmAsAgM8MJY1HScgAs3G8FobtI+xsSlnFSKQeuWIibXEg6/wwPHGYT2oxMJbgHcwAEr3Q==",
      "requires": {
        "graphology-utils": "^2.0.0"
      }
    },
    "graphology-types": {
      "version": "0.24.3",
      "resolved": "https://registry.npmjs.org/graphology-types/-/graphology-types-0.24.3.tgz",
      "integrity": "sha512-yn+NgOd/V8dWtHlxRlh0aEx3jp5IXSl8gsQPc3lYmJEZGg9C3oXlZIurHnn7FO3Xav55ehdD7OU7oznfgE2Wyg==",
      "peer": true
    },
    "graphology-utils": {
      "version": "2.5.2",
      "resolved": "https://registry.npmjs.org/graphology-utils/-/graphology-utils-2.5.2.tgz",
      "integrity": "sha512-ckHg8MXrXJkOARk56ZaSCM1g1Wihe2d6iTmz1enGOz4W/l831MBCKSayeFQfowgF8wd+PQ4rlch/56Vs/VZLDQ==",
      "requires": {}
    },
    "jsonparse": {
      "version": "1.3.1",
      "resolved": "https://registry.npmjs.org/jsonparse/-/jsonparse-1.3.1.tgz",
      "integrity": "sha1-P02uSpH6wxX3EGL4UhzCOfE2YoA="
    },
    "JSONStream": {
      "version": "1.3.5",
      "resolved": "https://registry.npmjs.org/JSONStream/-/JSONStream-1.3.5.tgz",
      "integrity": "sha512-E+iruNOY8VV9s4JEbe1aNEm6MiszPRr/UfcHMz0TQh1BXSxHK+ASV1R6W4HpjBhSeS+54PIsAMCBmwD06LLsqQ==",
      "requires": {
        "jsonparse": "^1.2.0",
        "through": ">=2.2.7 <3"
      }
    },
    "obliterator": {
      "version": "2.0.3",
      "resolved": "https://registry.npmjs.org/obliterator/-/obliterator-2.0.3.tgz",
      "integrity": "sha512-qN5lHhArxl/789Bp3XCpssAYy7cvOdRzxzflmGEJaiipAT2b/USr1XvKjYyssPOwQ/3KjV1e8Ed9po9rie6E6A=="
    },
    "punycode": {
      "version": "1.4.1",
      "resolved": "https://registry.npmjs.org/punycode/-/punycode-1.4.1.tgz",
      "integrity": "sha512-jmYNElW7yvO7TV33CjSmvSiE2yco3bV2czu/OzDKdMNVZQWfxCblURLhf+47syQRBntjfLdd/H0egrzIG+oaFQ=="
    },
    "stream-transform": {
      "version": "3.2.0",
      "resolved": "https://registry.npmjs.org/stream-transform/-/stream-transform-3.2.0.tgz",
      "integrity": "sha512-M22v88wNknyJiIyHYoiIYI5RPl/R7tkf92j1YNkmrbe5XRGHW0jW8n458j1njOrR4Edcj8bwbpSV0iLIWon1hg=="
    },
    "through": {
      "version": "2.3.8",
      "resolved": "https://registry.npmjs.org/through/-/through-2.3.8.tgz",
      "integrity": "sha1-DdTJ/6q8NXlgsbckEV1+Doai4fU="
    },
    "tldjs": {
      "version": "2.3.1",
      "resolved": "https://registry.npmjs.org/tldjs/-/tldjs-2.3.1.tgz",
      "integrity": "sha512-W/YVH/QczLUxVjnQhFC61Iq232NWu3TqDdO0S/MtXVz4xybejBov4ud+CIwN9aYqjOecEqIy0PscGkwpG9ZyTw==",
      "requires": {
        "punycode": "^1.4.1"
      }
    },
    "validator": {
      "version": "13.7.0",
      "resolved": "https://registry.npmjs.org/validator/-/validator-13.7.0.tgz",
      "integrity": "sha512-nYXQLCBkpJ8X6ltALua9dRrZDHVYxjJ1wgskNt1lH9fzGjs3tgojGSCBjmEPwkWS1y29+DrizMTW19Pr9uB2nw=="
    },
    "xml-writer": {
      "version": "1.7.0",
      "resolved": "https://registry.npmjs.org/xml-writer/-/xml-writer-1.7.0.tgz",
      "integrity": "sha1-t28dWRwWomNOvbcDx729D9aBkGU="
    }
  }
}
